
Microsoft Visual Studio Solution File, Format Version 12.00
# Visual Studio Version 16
VisualStudioVersion = 16.0.32602.291
MinimumVisualStudioVersion = 10.0.40219.1
Project("{FAE04EC0-301F-11D3-BF4B-00C04F79EFBC}") = "Bali_tile_game", "Bali_tile_game.csproj", "{DBD8E13D-899B-4B5D-BC0F-279E2AF2C9CF}"
EndProject
Global
	GlobalSection(SolutionConfigurationPlatforms) = preSolution
		Debug|Any CPU = Debug|Any CPU
		ExportDebug|Any CPU = ExportDebug|Any CPU
		ExportRelease|Any CPU = ExportRelease|Any CPU
	EndGlobalSection
	GlobalSection(ProjectConfigurationPlatforms) = postSolution
		{DBD8E13D-899B-4B5D-BC0F-279E2AF2C9CF}.Debug|Any CPU.ActiveCfg = Debug|Any CPU
		{DBD8E13D-899B-4B5D-BC0F-279E2AF2C9CF}.Debug|Any CPU.Build.0 = Debug|Any CPU
		{DBD8E13D-899B-4B5D-BC0F-279E2AF2C9CF}.ExportDebug|Any CPU.ActiveCfg = ExportDebug|Any CPU
		{DBD8E13D-899B-4B5D-BC0F-279E2AF2C9CF}.ExportDebug|Any CPU.Build.0 = ExportDebug|Any CPU
		{DBD8E13D-899B-4B5D-BC0F-279E2AF2C9CF}.ExportRelease|Any CPU.ActiveCfg = ExportRelease|Any CPU
		{DBD8E13D-899B-4B5D-BC0F-279E2AF2C9CF}.ExportRelease|Any CPU.Build.0 = ExportRelease|Any CPU
	EndGlobalSection
	GlobalSection(SolutionProperties) = preSolution
		HideSolutionNode = FALSE
	EndGlobalSection
	GlobalSection(ExtensibilityGlobals) = postSolution
		SolutionGuid = {F9FD1816-007A-4139-8AE0-A29362C14EDE}
	EndGlobalSection
EndGlobal
